<Solution>
  <Folder Name="/backend/" />
  <Folder Name="/backend/src/">
    <Project Path="backend/src/AdminDasboard.Api/AdminDasboard.Api.csproj" />
    <Project Path="backend/src/AdminDasboard.Application/AdminDasboard.Application.csproj" />
    <Project Path="backend/src/AdminDasboard.Domain/AdminDasboard.Domain.csproj" />
    <Project Path="backend/src/AdminDasboard.Infrastructure/AdminDasboard.Infrastructure.csproj" />
  </Folder>
  <Folder Name="/backend/tests/">
    <Project Path="backend/tests/AdminDasboard.Tests/AdminDasboard.Tests.csproj" />
  </Folder>
</Solution>
